// !$*UTF8*$!
{
	archiveVersion = 1;
	classes = {
	};
	objectVersion = 50;
	objects = {

/* Begin PBXBuildFile section */
		97C3A48225165B1200490DEE /* AppDelegate.swift in Sources */ = {isa = PBXBuildFile; fileRef = 97C3A48125165B1200490DEE /* AppDelegate.swift */; };
		97C3A48425165B1200490DEE /* SceneDelegate.swift in Sources */ = {isa = PBXBuildFile; fileRef = 97C3A48325165B1200490DEE /* SceneDelegate.swift */; };
		97C3A48625165B1200490DEE /* ViewController.swift in Sources */ = {isa = PBXBuildFile; fileRef = 97C3A48525165B1200490DEE /* ViewController.swift */; };
		97C3A48925165B1200490DEE /* Main.storyboard in Resources */ = {isa = PBXBuildFile; fileRef = 97C3A48725165B1200490DEE /* Main.storyboard */; };
		97C3A48B25165B1300490DEE /* Assets.xcassets in Resources */ = {isa = PBXBuildFile; fileRef = 97C3A48A25165B1300490DEE /* Assets.xcassets */; };
		97C3A48E25165B1300490DEE /* LaunchScreen.storyboard in Resources */ = {isa = PBXBuildFile; fileRef = 97C3A48C25165B1300490DEE /* LaunchScreen.storyboard */; };
		97C3A49925165B1300490DEE /* StockAPITests.swift in Sources */ = {isa = PBXBuildFile; fileRef = 97C3A49825165B1300490DEE /* StockAPITests.swift */; };
		97C3A4A425165B1300490DEE /* StockAPIUITests.swift in Sources */ = {isa = PBXBuildFile; fileRef = 97C3A4A325165B1300490DEE /* StockAPIUITests.swift */; };
/* End PBXBuildFile section */

/* Begin PBXContainerItemProxy section */
		97C3A49525165B1300490DEE /* PBXContainerItemProxy */ = {
			isa = PBXContainerItemProxy;
			containerPortal = 97C3A47625165B1200490DEE /* Project object */;
			proxyType = 1;
			remoteGlobalIDString = 97C3A47D25165B1200490DEE;
			remoteInfo = StockAPI;
		};
		97C3A4A025165B1300490DEE /* PBXContainerItemProxy */ = {
			isa = PBXContainerItemProxy;
			containerPortal = 97C3A47625165B1200490DEE /* Project object */;
			proxyType = 1;
			remoteGlobalIDString = 97C3A47D25165B1200490DEE;
			remoteInfo = StockAPI;
		};
/* End PBXContainerItemProxy section */

/* Begin PBXFileReference section */
		97C3A47E25165B1200490DEE /* StockAPI.app */ = {isa = PBXFileReference; explicitFileType = wrapper.application; includeInIndex = 0; path = StockAPI.app; sourceTree = BUILT_PRODUCTS_DIR; };
		97C3A48125165B1200490DEE /* AppDelegate.swift */ = {isa = PBXFileReference; lastKnownFileType = sourcecode.swift; path = AppDelegate.swift; sourceTree = "<group>"; };
		97C3A48325165B1200490DEE /* SceneDelegate.swift */ = {isa = PBXFileReference; lastKnownFileType = sourcecode.swift; path = SceneDelegate.swift; sourceTree = "<group>"; };
		97C3A48525165B1200490DEE /* ViewController.swift */ = {isa = PBXFileReference; lastKnownFileType = sourcecode.swift; path = ViewController.swift; sourceTree = "<group>"; };
		97C3A48825165B1200490DEE /* Base */ = {isa = PBXFileReference; lastKnownFileType = file.storyboard; name = Base; path = Base.lproj/Main.storyboard; sourceTree = "<group>"; };
		97C3A48A25165B1300490DEE /* Assets.xcassets */ = {isa = PBXFileReference; lastKnownFileType = folder.assetcatalog; path = Assets.xcassets; sourceTree = "<group>"; };
		97C3A48D25165B1300490DEE /* Base */ = {isa = PBXFileReference; lastKnownFileType = file.storyboard; name = Base; path = Base.lproj/LaunchScreen.storyboard; sourceTree = "<group>"; };
		97C3A48F25165B1300490DEE /* Info.plist */ = {isa = PBXFileReference; lastKnownFileType = text.plist.xml; path = Info.plist; sourceTree = "<group>"; };
		97C3A49425165B1300490DEE /* StockAPITests.xctest */ = {isa = PBXFileReference; explicitFileType = wrapper.cfbundle; includeInIndex = 0; path = StockAPITests.xctest; sourceTree = BUILT_PRODUCTS_DIR; };
		97C3A49825165B1300490DEE /* StockAPITests.swift */ = {isa = PBXFileReference; lastKnownFileType = sourcecode.swift; path = StockAPITests.swift; sourceTree = "<group>"; };
		97C3A49A25165B1300490DEE /* Info.plist */ = {isa = PBXFileReference; lastKnownFileType = text.plist.xml; path = Info.plist; sourceTree = "<group>"; };
		97C3A49F25165B1300490DEE /* StockAPIUITests.xctest */ = {isa = PBXFileReference; explicitFileType = wrapper.cfbundle; includeInIndex = 0; path = StockAPIUITests.xctest; sourceTree = BUILT_PRODUCTS_DIR; };
		97C3A4A325165B1300490DEE /* StockAPIUITests.swift */ = {isa = PBXFileReference; lastKnownFileType = sourcecode.swift; path = StockAPIUITests.swift; sourceTree = "<group>"; };
		97C3A4A525165B1300490DEE /* Info.plist */ = {isa = PBXFileReference; lastKnownFileType = text.plist.xml; path = Info.plist; sourceTree = "<group>"; };
/* End PBXFileReference section */

/* Begin PBXFrameworksBuildPhase section */
		97C3A47B25165B1200490DEE /* Frameworks */ = {
			isa = PBXFrameworksBuildPhase;
			buildActionMask = 2147483647;
			files = (
			);
			runOnlyForDeploymentPostprocessing = 0;
		};
		97C3A49125165B1300490DEE /* Frameworks */ = {
			isa = PBXFrameworksBuildPhase;
			buildActionMask = 2147483647;
			files = (
			);
			runOnlyForDeploymentPostprocessing = 0;
		};
		97C3A49C25165B1300490DEE /* Frameworks */ = {
			isa = PBXFrameworksBuildPhase;
			buildActionMask = 2147483647;
			files = (
			);
			runOnlyForDeploymentPostprocessing = 0;
		};
/* End PBXFrameworksBuildPhase section */

/* Begin PBXGroup section */
		97C3A47525165B1200490DEE = {
			isa = PBXGroup;
			children = (
				97C3A48025165B1200490DEE /* StockAPI */,
				97C3A49725165B1300490DEE /* StockAPITests */,
				97C3A4A225165B1300490DEE /* StockAPIUITests */,
				97C3A47F25165B1200490DEE /* Products */,
			);
			sourceTree = "<group>";
		};
		97C3A47F25165B1200490DEE /* Products */ = {
			isa = PBXGroup;
			children = (
				97C3A47E25165B1200490DEE /* StockAPI.app */,
				97C3A49425165B1300490DEE /* StockAPITests.xctest */,
				97C3A49F25165B1300490DEE /* StockAPIUITests.xctest */,
			);
			name = Products;
			sourceTree = "<group>";
		};
		97C3A48025165B1200490DEE /* StockAPI */ = {
			isa = PBXGroup;
			children = (
				97C3A48125165B1200490DEE /* AppDelegate.swift */,
				97C3A48325165B1200490DEE /* SceneDelegate.swift */,
				97C3A48525165B1200490DEE /* ViewController.swift */,
				97C3A48725165B1200490DEE /* Main.storyboard */,
				97C3A48A25165B1300490DEE /* Assets.xcassets */,
				97C3A48C25165B1300490DEE /* LaunchScreen.storyboard */,
				97C3A48F25165B1300490DEE /* Info.plist */,
			);
			path = StockAPI;
			sourceTree = "<group>";
		};
		97C3A49725165B1300490DEE /* StockAPITests */ = {
			isa = PBXGroup;
			children = (
				97C3A49825165B1300490DEE /* StockAPITests.swift */,
				97C3A49A25165B1300490DEE /* Info.plist */,
			);
			path = StockAPITests;
			sourceTree = "<group>";
		};
		97C3A4A225165B1300490DEE /* StockAPIUITests */ = {
			isa = PBXGroup;
			children = (
				97C3A4A325165B1300490DEE /* StockAPIUITests.swift */,
				97C3A4A525165B1300490DEE /* Info.plist */,
			);
			path = StockAPIUITests;
			sourceTree = "<group>";
		};
/* End PBXGroup section */

/* Begin PBXNativeTarget section */
		97C3A47D25165B1200490DEE /* StockAPI */ = {
			isa = PBXNativeTarget;
			buildConfigurationList = 97C3A4A825165B1300490DEE /* Build configuration list for PBXNativeTarget "StockAPI" */;
			buildPhases = (
				97C3A47A25165B1200490DEE /* Sources */,
				97C3A47B25165B1200490DEE /* Frameworks */,
				97C3A47C25165B1200490DEE /* Resources */,
			);
			buildRules = (
			);
			dependencies = (
			);
			name = StockAPI;
			productName = StockAPI;
			productReference = 97C3A47E25165B1200490DEE /* StockAPI.app */;
			productType = "com.apple.product-type.application";
		};
		97C3A49325165B1300490DEE /* StockAPITests */ = {
			isa = PBXNativeTarget;
			buildConfigurationList = 97C3A4AB25165B1300490DEE /* Build configuration list for PBXNativeTarget "StockAPITests" */;
			buildPhases = (
				97C3A49025165B1300490DEE /* Sources */,
				97C3A49125165B1300490DEE /* Frameworks */,
				97C3A49225165B1300490DEE /* Resources */,
			);
			buildRules = (
			);
			dependencies = (
				97C3A49625165B1300490DEE /* PBXTargetDependency */,
			);
			name = StockAPITests;
			productName = StockAPITests;
			productReference = 97C3A49425165B1300490DEE /* StockAPITests.xctest */;
			productType = "com.apple.product-type.bundle.unit-test";
		};
		97C3A49E25165B1300490DEE /* StockAPIUITests */ = {
			isa = PBXNativeTarget;
			buildConfigurationList = 97C3A4AE25165B1300490DEE /* Build configuration list for PBXNativeTarget "StockAPIUITests" */;
			buildPhases = (
				97C3A49B25165B1300490DEE /* Sources */,
				97C3A49C25165B1300490DEE /* Frameworks */,
				97C3A49D25165B1300490DEE /* Resources */,
			);
			buildRules = (
			);
			dependencies = (
				97C3A4A125165B1300490DEE /* PBXTargetDependency */,
			);
			name = StockAPIUITests;
			productName = StockAPIUITests;
			productReference = 97C3A49F25165B1300490DEE /* StockAPIUITests.xctest */;
			productType = "com.apple.product-type.bundle.ui-testing";
		};
/* End PBXNativeTarget section */

/* Begin PBXProject section */
		97C3A47625165B1200490DEE /* Project object */ = {
			isa = PBXProject;
			attributes = {
				LastSwiftUpdateCheck = 1200;
				LastUpgradeCheck = 1200;
				TargetAttributes = {
					97C3A47D25165B1200490DEE = {
						CreatedOnToolsVersion = 12.0;
					};
					97C3A49325165B1300490DEE = {
						CreatedOnToolsVersion = 12.0;
						TestTargetID = 97C3A47D25165B1200490DEE;
					};
					97C3A49E25165B1300490DEE = {
						CreatedOnToolsVersion = 12.0;
						TestTargetID = 97C3A47D25165B1200490DEE;
					};
				};
			};
			buildConfigurationList = 97C3A47925165B1200490DEE /* Build configuration list for PBXProject "StockAPI" */;
			compatibilityVersion = "Xcode 9.3";
			developmentRegion = en;
			hasScannedForEncodings = 0;
			knownRegions = (
				en,
				Base,
			);
			mainGroup = 97C3A47525165B1200490DEE;
			productRefGroup = 97C3A47F25165B1200490DEE /* Products */;
			projectDirPath = "";
			projectRoot = "";
			targets = (
				97C3A47D25165B1200490DEE /* StockAPI */,
				97C3A49325165B1300490DEE /* StockAPITests */,
				97C3A49E25165B1300490DEE /* StockAPIUITests */,
			);
		};
/* End PBXProject section */

/* Begin PBXResourcesBuildPhase section */
		97C3A47C25165B1200490DEE /* Resources */ = {
			isa = PBXResourcesBuildPhase;
			buildActionMask = 2147483647;
			files = (
				97C3A48E25165B1300490DEE /* LaunchScreen.storyboard in Resources */,
				97C3A48B25165B1300490DEE /* Assets.xcassets in Resources */,
				97C3A48925165B1200490DEE /* Main.storyboard in Resources */,
			);
			runOnlyForDeploymentPostprocessing = 0;
		};
		97C3A49225165B1300490DEE /* Resources */ = {
			isa = PBXResourcesBuildPhase;
			buildActionMask = 2147483647;
			files = (
			);
			runOnlyForDeploymentPostprocessing = 0;
		};
		97C3A49D25165B1300490DEE /* Resources */ = {
			isa = PBXResourcesBuildPhase;
			buildActionMask = 2147483647;
			files = (
			);
			runOnlyForDeploymentPostprocessing = 0;
		};
/* End PBXResourcesBuildPhase section */

/* Begin PBXSourcesBuildPhase section */
		97C3A47A25165B1200490DEE /* Sources */ = {
			isa = PBXSourcesBuildPhase;
			buildActionMask = 2147483647;
			files = (
				97C3A48625165B1200490DEE /* ViewController.swift in Sources */,
				97C3A48225165B1200490DEE /* AppDelegate.swift in Sources */,
				97C3A48425165B1200490DEE /* SceneDelegate.swift in Sources */,
			);
			runOnlyForDeploymentPostprocessing = 0;
		};
		97C3A49025165B1300490DEE /* Sources */ = {
			isa = PBXSourcesBuildPhase;
			buildActionMask = 2147483647;
			files = (
				97C3A49925165B1300490DEE /* StockAPITests.swift in Sources */,
			);
			runOnlyForDeploymentPostprocessing = 0;
		};
		97C3A49B25165B1300490DEE /* Sources */ = {
			isa = PBXSourcesBuildPhase;
			buildActionMask = 2147483647;
			files = (
				97C3A4A425165B1300490DEE /* StockAPIUITests.swift in Sources */,
			);
			runOnlyForDeploymentPostprocessing = 0;
		};
/* End PBXSourcesBuildPhase section */

/* Begin PBXTargetDependency section */
		97C3A49625165B1300490DEE /* PBXTargetDependency */ = {
			isa = PBXTargetDependency;
			target = 97C3A47D25165B1200490DEE /* StockAPI */;
			targetProxy = 97C3A49525165B1300490DEE /* PBXContainerItemProxy */;
		};
		97C3A4A125165B1300490DEE /* PBXTargetDependency */ = {
			isa = PBXTargetDependency;
			target = 97C3A47D25165B1200490DEE /* StockAPI */;
			targetProxy = 97C3A4A025165B1300490DEE /* PBXContainerItemProxy */;
		};
/* End PBXTargetDependency section */

/* Begin PBXVariantGroup section */
		97C3A48725165B1200490DEE /* Main.storyboard */ = {
			isa = PBXVariantGroup;
			children = (
				97C3A48825165B1200490DEE /* Base */,
			);
			name = Main.storyboard;
			sourceTree = "<group>";
		};
		97C3A48C25165B1300490DEE /* LaunchScreen.storyboard */ = {
			isa = PBXVariantGroup;
			children = (
				97C3A48D25165B1300490DEE /* Base */,
			);
			name = LaunchScreen.storyboard;
			sourceTree = "<group>";
		};
/* End PBXVariantGroup section */

/* Begin XCBuildConfiguration section */
		97C3A4A625165B1300490DEE /* Debug */ = {
			isa = XCBuildConfiguration;
			buildSettings = {
				ALWAYS_SEARCH_USER_PATHS = NO;
				CLANG_ANALYZER_NONNULL = YES;
				CLANG_ANALYZER_NUMBER_OBJECT_CONVERSION = YES_AGGRESSIVE;
				CLANG_CXX_LANGUAGE_STANDARD = "gnu++14";
				CLANG_CXX_LIBRARY = "libc++";
				CLANG_ENABLE_MODULES = YES;
				CLANG_ENABLE_OBJC_ARC = YES;
				CLANG_ENABLE_OBJC_WEAK = YES;
				CLANG_WARN_BLOCK_CAPTURE_AUTORELEASING = YES;
				CLANG_WARN_BOOL_CONVERSION = YES;
				CLANG_WARN_COMMA = YES;
				CLANG_WARN_CONSTANT_CONVERSION = YES;
				CLANG_WARN_DEPRECATED_OBJC_IMPLEMENTATIONS = YES;
				CLANG_WARN_DIRECT_OBJC_ISA_USAGE = YES_ERROR;
				CLANG_WARN_DOCUMENTATION_COMMENTS = YES;
				CLANG_WARN_EMPTY_BODY = YES;
				CLANG_WARN_ENUM_CONVERSION = YES;
				CLANG_WARN_INFINITE_RECURSION = YES;
				CLANG_WARN_INT_CONVERSION = YES;
				CLANG_WARN_NON_LITERAL_NULL_CONVERSION = YES;
				CLANG_WARN_OBJC_IMPLICIT_RETAIN_SELF = YES;
				CLANG_WARN_OBJC_LITERAL_CONVERSION = YES;
				CLANG_WARN_OBJC_ROOT_CLASS = YES_ERROR;
				CLANG_WARN_QUOTED_INCLUDE_IN_FRAMEWORK_HEADER = YES;
				CLANG_WARN_RANGE_LOOP_ANALYSIS = YES;
				CLANG_WARN_STRICT_PROTOTYPES = YES;
				CLANG_WARN_SUSPICIOUS_MOVE = YES;
				CLANG_WARN_UNGUARDED_AVAILABILITY = YES_AGGRESSIVE;
				CLANG_WARN_UNREACHABLE_CODE = YES;
				CLANG_WARN__DUPLICATE_METHOD_MATCH = YES;
				COPY_PHASE_STRIP = NO;
				DEBUG_INFORMATION_FORMAT = dwarf;
				ENABLE_STRICT_OBJC_MSGSEND = YES;
				ENABLE_TESTABILITY = YES;
				GCC_C_LANGUAGE_STANDARD = gnu11;
				GCC_DYNAMIC_NO_PIC = NO;
				GCC_NO_COMMON_BLOCKS = YES;
				GCC_OPTIMIZATION_LEVEL = 0;
				GCC_PREPROCESSOR_DEFINITIONS = (
					"DEBUG=1",
					"$(inherited)",
				);
				GCC_WARN_64_TO_32_BIT_CONVERSION = YES;
				GCC_WARN_ABOUT_RETURN_TYPE = YES_ERROR;
				GCC_WARN_UNDECLARED_SELECTOR = YES;
				GCC_WARN_UNINITIALIZED_AUTOS = YES_AGGRESSIVE;
				GCC_WARN_UNUSED_FUNCTION = YES;
				GCC_WARN_UNUSED_VARIABLE = YES;
				IPHONEOS_DEPLOYMENT_TARGET = 14.0;
				MTL_ENABLE_DEBUG_INFO = INCLUDE_SOURCE;
				MTL_FAST_MATH = YES;
				ONLY_ACTIVE_ARCH = YES;
				SDKROOT = iphoneos;
				SWIFT_ACTIVE_COMPILATION_CONDITIONS = DEBUG;
				SWIFT_OPTIMIZATION_LEVEL = "-Onone";
			};
			name = Debug;
		};
		97C3A4A725165B1300490DEE /* Release */ = {
			isa = XCBuildConfiguration;
			buildSettings = {
				ALWAYS_SEARCH_USER_PATHS = NO;
				CLANG_ANALYZER_NONNULL = YES;
				CLANG_ANALYZER_NUMBER_OBJECT_CONVERSION = YES_AGGRESSIVE;
				CLANG_CXX_LANGUAGE_STANDARD = "gnu++14";
				CLANG_CXX_LIBRARY = "libc++";
				CLANG_ENABLE_MODULES = YES;
				CLANG_ENABLE_OBJC_ARC = YES;
				CLANG_ENABLE_OBJC_WEAK = YES;
				CLANG_WARN_BLOCK_CAPTURE_AUTORELEASING = YES;
				CLANG_WARN_BOOL_CONVERSION = YES;
				CLANG_WARN_COMMA = YES;
				CLANG_WARN_CONSTANT_CONVERSION = YES;
				CLANG_WARN_DEPRECATED_OBJC_IMPLEMENTATIONS = YES;
				CLANG_WARN_DIRECT_OBJC_ISA_USAGE = YES_ERROR;
				CLANG_WARN_DOCUMENTATION_COMMENTS = YES;
				CLANG_WARN_EMPTY_BODY = YES;
				CLANG_WARN_ENUM_CONVERSION = YES;
				CLANG_WARN_INFINITE_RECURSION = YES;
				CLANG_WARN_INT_CONVERSION = YES;
				CLANG_WARN_NON_LITERAL_NULL_CONVERSION = YES;
				CLANG_WARN_OBJC_IMPLICIT_RETAIN_SELF = YES;
				CLANG_WARN_OBJC_LITERAL_CONVERSION = YES;
				CLANG_WARN_OBJC_ROOT_CLASS = YES_ERROR;
				CLANG_WARN_QUOTED_INCLUDE_IN_FRAMEWORK_HEADER = YES;
				CLANG_WARN_RANGE_LOOP_ANALYSIS = YES;
				CLANG_WARN_STRICT_PROTOTYPES = YES;
				CLANG_WARN_SUSPICIOUS_MOVE = YES;
				CLANG_WARN_UNGUARDED_AVAILABILITY = YES_AGGRESSIVE;
				CLANG_WARN_UNREACHABLE_CODE = YES;
				CLANG_WARN__DUPLICATE_METHOD_MATCH = YES;
				COPY_PHASE_STRIP = NO;
				DEBUG_INFORMATION_FORMAT = "dwarf-with-dsym";
				ENABLE_NS_ASSERTIONS = NO;
				ENABLE_STRICT_OBJC_MSGSEND = YES;
				GCC_C_LANGUAGE_STANDARD = gnu11;
				GCC_NO_COMMON_BLOCKS = YES;
				GCC_WARN_64_TO_32_BIT_CONVERSION = YES;
				GCC_WARN_ABOUT_RETURN_TYPE = YES_ERROR;
				GCC_WARN_UNDECLARED_SELECTOR = YES;
				GCC_WARN_UNINITIALIZED_AUTOS = YES_AGGRESSIVE;
				GCC_WARN_UNUSED_FUNCTION = YES;
				GCC_WARN_UNUSED_VARIABLE = YES;
				IPHONEOS_DEPLOYMENT_TARGET = 14.0;
				MTL_ENABLE_DEBUG_INFO = NO;
				MTL_FAST_MATH = YES;
				SDKROOT = iphoneos;
				SWIFT_COMPILATION_MODE = wholemodule;
				SWIFT_OPTIMIZATION_LEVEL = "-O";
				VALIDATE_PRODUCT = YES;
			};
			name = Release;
		};
		97C3A4A925165B1300490DEE /* Debug */ = {
			isa = XCBuildConfiguration;
			buildSettings = {
				ASSETCATALOG_COMPILER_APPICON_NAME = AppIcon;
				ASSETCATALOG_COMPILER_GLOBAL_ACCENT_COLOR_NAME = AccentColor;
				CODE_SIGN_STYLE = Automatic;
				INFOPLIST_FILE = StockAPI/Info.plist;
				LD_RUNPATH_SEARCH_PATHS = (
					"$(inherited)",
					"@executable_path/Frameworks",
				);
				PRODUCT_BUNDLE_IDENTIFIER = com.georgiivanov.StockAPI;
				PRODUCT_NAME = "$(TARGET_NAME)";
				SWIFT_VERSION = 5.0;
				TARGETED_DEVICE_FAMILY = "1,2";
			};
			name = Debug;
		};
		97C3A4AA25165B1300490DEE /* Release */ = {
			isa = XCBuildConfiguration;
			buildSettings = {
				ASSETCATALOG_COMPILER_APPICON_NAME = AppIcon;
				ASSETCATALOG_COMPILER_GLOBAL_ACCENT_COLOR_NAME = AccentColor;
				CODE_SIGN_STYLE = Automatic;
				INFOPLIST_FILE = StockAPI/Info.plist;
				LD_RUNPATH_SEARCH_PATHS = (
					"$(inherited)",
					"@executable_path/Frameworks",
				);
				PRODUCT_BUNDLE_IDENTIFIER = com.georgiivanov.StockAPI;
				PRODUCT_NAME = "$(TARGET_NAME)";
				SWIFT_VERSION = 5.0;
				TARGETED_DEVICE_FAMILY = "1,2";
			};
			name = Release;
		};
		97C3A4AC25165B1300490DEE /* Debug */ = {
			isa = XCBuildConfiguration;
			buildSettings = {
				ALWAYS_EMBED_SWIFT_STANDARD_LIBRARIES = YES;
				BUNDLE_LOADER = "$(TEST_HOST)";
				CODE_SIGN_STYLE = Automatic;
				INFOPLIST_FILE = StockAPITests/Info.plist;
				IPHONEOS_DEPLOYMENT_TARGET = 14.0;
				LD_RUNPATH_SEARCH_PATHS = (
					"$(inherited)",
					"@executable_path/Frameworks",
					"@loader_path/Frameworks",
				);
				PRODUCT_BUNDLE_IDENTIFIER = com.georgiivanov.StockAPITests;
				PRODUCT_NAME = "$(TARGET_NAME)";
				SWIFT_VERSION = 5.0;
				TARGETED_DEVICE_FAMILY = "1,2";
				TEST_HOST = "$(BUILT_PRODUCTS_DIR)/StockAPI.app/StockAPI";
			};
			name = Debug;
		};
		97C3A4AD25165B1300490DEE /* Release */ = {
			isa = XCBuildConfiguration;
			buildSettings = {
				ALWAYS_EMBED_SWIFT_STANDARD_LIBRARIES = YES;
				BUNDLE_LOADER = "$(TEST_HOST)";
				CODE_SIGN_STYLE = Automatic;
				INFOPLIST_FILE = StockAPITests/Info.plist;
				IPHONEOS_DEPLOYMENT_TARGET = 14.0;
				LD_RUNPATH_SEARCH_PATHS = (
					"$(inherited)",
					"@executable_path/Frameworks",
					"@loader_path/Frameworks",
				);
				PRODUCT_BUNDLE_IDENTIFIER = com.georgiivanov.StockAPITests;
				PRODUCT_NAME = "$(TARGET_NAME)";
				SWIFT_VERSION = 5.0;
				TARGETED_DEVICE_FAMILY = "1,2";
				TEST_HOST = "$(BUILT_PRODUCTS_DIR)/StockAPI.app/StockAPI";
			};
			name = Release;
		};
		97C3A4AF25165B1300490DEE /* Debug */ = {
			isa = XCBuildConfiguration;
			buildSettings = {
				ALWAYS_EMBED_SWIFT_STANDARD_LIBRARIES = YES;
				CODE_SIGN_STYLE = Automatic;
				INFOPLIST_FILE = StockAPIUITests/Info.plist;
				LD_RUNPATH_SEARCH_PATHS = (
					"$(inherited)",
					"@executable_path/Frameworks",
					"@loader_path/Frameworks",
				);
				PRODUCT_BUNDLE_IDENTIFIER = com.georgiivanov.StockAPIUITests;
				PRODUCT_NAME = "$(TARGET_NAME)";
				SWIFT_VERSION = 5.0;
				TARGETED_DEVICE_FAMILY = "1,2";
				TEST_TARGET_NAME = StockAPI;
			};
			name = Debug;
		};
		97C3A4B025165B1300490DEE /* Release */ = {
			isa = XCBuildConfiguration;
			buildSettings = {
				ALWAYS_EMBED_SWIFT_STANDARD_LIBRARIES = YES;
				CODE_SIGN_STYLE = Automatic;
				INFOPLIST_FILE = StockAPIUITests/Info.plist;
				LD_RUNPATH_SEARCH_PATHS = (
					"$(inherited)",
					"@executable_path/Frameworks",
					"@loader_path/Frameworks",
				);
				PRODUCT_BUNDLE_IDENTIFIER = com.georgiivanov.StockAPIUITests;
				PRODUCT_NAME = "$(TARGET_NAME)";
				SWIFT_VERSION = 5.0;
				TARGETED_DEVICE_FAMILY = "1,2";
				TEST_TARGET_NAME = StockAPI;
			};
			name = Release;
		};
/* End XCBuildConfiguration section */

/* Begin XCConfigurationList section */
		97C3A47925165B1200490DEE /* Build configuration list for PBXProject "StockAPI" */ = {
			isa = XCConfigurationList;
			buildConfigurations = (
				97C3A4A625165B1300490DEE /* Debug */,
				97C3A4A725165B1300490DEE /* Release */,
			);
			defaultConfigurationIsVisible = 0;
			defaultConfigurationName = Release;
		};
		97C3A4A825165B1300490DEE /* Build configuration list for PBXNativeTarget "StockAPI" */ = {
			isa = XCConfigurationList;
			buildConfigurations = (
				97C3A4A925165B1300490DEE /* Debug */,
				97C3A4AA25165B1300490DEE /* Release */,
			);
			defaultConfigurationIsVisible = 0;
			defaultConfigurationName = Release;
		};
		97C3A4AB25165B1300490DEE /* Build configuration list for PBXNativeTarget "StockAPITests" */ = {
			isa = XCConfigurationList;
			buildConfigurations = (
				97C3A4AC25165B1300490DEE /* Debug */,
				97C3A4AD25165B1300490DEE /* Release */,
			);
			defaultConfigurationIsVisible = 0;
			defaultConfigurationName = Release;
		};
		97C3A4AE25165B1300490DEE /* Build configuration list for PBXNativeTarget "StockAPIUITests" */ = {
			isa = XCConfigurationList;
			buildConfigurations = (
				97C3A4AF25165B1300490DEE /* Debug */,
				97C3A4B025165B1300490DEE /* Release */,
			);
			defaultConfigurationIsVisible = 0;
			defaultConfigurationName = Release;
		};
/* End XCConfigurationList section */
	};
	rootObject = 97C3A47625165B1200490DEE /* Project object */;
}
