// !$*UTF8*$!
{
	archiveVersion = 1;
	classes = {
	};
	objectVersion = 51;
	objects = {

/* Begin PBXBuildFile section */
		58BF38CCAC389BC6CEA0B1FC /* Pods_StockAPITests.framework in Frameworks */ = {isa = PBXBuildFile; fileRef = 2521E04F758D61BA966E2210 /* Pods_StockAPITests.framework */; };
		9715DB422516655B00262191 /* UIViewController+Extensions.swift in Sources */ = {isa = PBXBuildFile; fileRef = 9715DB412516655B00262191 /* UIViewController+Extensions.swift */; };
		9715DB472516658000262191 /* Storyboard.swift in Sources */ = {isa = PBXBuildFile; fileRef = 9715DB462516658000262191 /* Storyboard.swift */; };
		9715DB512516660300262191 /* ViewControllerAssembly.swift in Sources */ = {isa = PBXBuildFile; fileRef = 9715DB502516660300262191 /* ViewControllerAssembly.swift */; };
		9715DB5B2516667700262191 /* DIContainer.swift in Sources */ = {isa = PBXBuildFile; fileRef = 9715DB5A2516667700262191 /* DIContainer.swift */; };
		9715DB6B251694F300262191 /* StockSymbol.swift in Sources */ = {isa = PBXBuildFile; fileRef = 9715DB6A251694F300262191 /* StockSymbol.swift */; };
		9715DB702516980F00262191 /* Quote.swift in Sources */ = {isa = PBXBuildFile; fileRef = 9715DB6F2516980F00262191 /* Quote.swift */; };
		9715DB752516993D00262191 /* StocksApiService.swift in Sources */ = {isa = PBXBuildFile; fileRef = 9715DB742516993D00262191 /* StocksApiService.swift */; };
		9715DB7A25169A4300262191 /* AlphaVantageEndpoint.swift in Sources */ = {isa = PBXBuildFile; fileRef = 9715DB7925169A4300262191 /* AlphaVantageEndpoint.swift */; };
		9715DB7F25169C5700262191 /* AppConfig.swift in Sources */ = {isa = PBXBuildFile; fileRef = 9715DB7E25169C5700262191 /* AppConfig.swift */; };
		9715DB8425169DA500262191 /* ViewModelAssembly.swift in Sources */ = {isa = PBXBuildFile; fileRef = 9715DB8325169DA500262191 /* ViewModelAssembly.swift */; };
		9715DB8925169E0B00262191 /* ServiceAssembly.swift in Sources */ = {isa = PBXBuildFile; fileRef = 9715DB8825169E0B00262191 /* ServiceAssembly.swift */; };
		9715DB8E25169FEB00262191 /* StockQuotesViewModel.swift in Sources */ = {isa = PBXBuildFile; fileRef = 9715DB8D25169FEB00262191 /* StockQuotesViewModel.swift */; };
		9715DB962516A13200262191 /* StockQuotesViewController.swift in Sources */ = {isa = PBXBuildFile; fileRef = 9715DB952516A13200262191 /* StockQuotesViewController.swift */; };
		977E370B251766DF00BF38B6 /* CandleChartDataEntry+Extensions.swift in Sources */ = {isa = PBXBuildFile; fileRef = 977E370A251766DF00BF38B6 /* CandleChartDataEntry+Extensions.swift */; };
		977E372125178DB800BF38B6 /* ChartFilterViewController.swift in Sources */ = {isa = PBXBuildFile; fileRef = 977E372025178DB800BF38B6 /* ChartFilterViewController.swift */; };
		9782BAC52517563700B59FF3 /* StocksApiError.swift in Sources */ = {isa = PBXBuildFile; fileRef = 9782BAC42517563700B59FF3 /* StocksApiError.swift */; };
		97C3A48225165B1200490DEE /* AppDelegate.swift in Sources */ = {isa = PBXBuildFile; fileRef = 97C3A48125165B1200490DEE /* AppDelegate.swift */; };
		97C3A48425165B1200490DEE /* SceneDelegate.swift in Sources */ = {isa = PBXBuildFile; fileRef = 97C3A48325165B1200490DEE /* SceneDelegate.swift */; };
		97C3A48925165B1200490DEE /* Main.storyboard in Resources */ = {isa = PBXBuildFile; fileRef = 97C3A48725165B1200490DEE /* Main.storyboard */; };
		97C3A48B25165B1300490DEE /* Assets.xcassets in Resources */ = {isa = PBXBuildFile; fileRef = 97C3A48A25165B1300490DEE /* Assets.xcassets */; };
		97C3A48E25165B1300490DEE /* LaunchScreen.storyboard in Resources */ = {isa = PBXBuildFile; fileRef = 97C3A48C25165B1300490DEE /* LaunchScreen.storyboard */; };
		97C3A49925165B1300490DEE /* StockAPITests.swift in Sources */ = {isa = PBXBuildFile; fileRef = 97C3A49825165B1300490DEE /* StockAPITests.swift */; };
		97C3A4A425165B1300490DEE /* StockAPIUITests.swift in Sources */ = {isa = PBXBuildFile; fileRef = 97C3A4A325165B1300490DEE /* StockAPIUITests.swift */; };
		9D171D318F408EB8AEBB8F85 /* Pods_StockAPI.framework in Frameworks */ = {isa = PBXBuildFile; fileRef = FD255A2C01DB9193649465F9 /* Pods_StockAPI.framework */; };
		C3721B0EB671EA576BBBE37A /* Pods_StockAPI_StockAPIUITests.framework in Frameworks */ = {isa = PBXBuildFile; fileRef = 826FA0F5F6BD145E0297F11D /* Pods_StockAPI_StockAPIUITests.framework */; };
/* End PBXBuildFile section */

/* Begin PBXContainerItemProxy section */
		97C3A49525165B1300490DEE /* PBXContainerItemProxy */ = {
			isa = PBXContainerItemProxy;
			containerPortal = 97C3A47625165B1200490DEE /* Project object */;
			proxyType = 1;
			remoteGlobalIDString = 97C3A47D25165B1200490DEE;
			remoteInfo = StockAPI;
		};
		97C3A4A025165B1300490DEE /* PBXContainerItemProxy */ = {
			isa = PBXContainerItemProxy;
			containerPortal = 97C3A47625165B1200490DEE /* Project object */;
			proxyType = 1;
			remoteGlobalIDString = 97C3A47D25165B1200490DEE;
			remoteInfo = StockAPI;
		};
/* End PBXContainerItemProxy section */

/* Begin PBXFileReference section */
		2521E04F758D61BA966E2210 /* Pods_StockAPITests.framework */ = {isa = PBXFileReference; explicitFileType = wrapper.framework; includeInIndex = 0; path = Pods_StockAPITests.framework; sourceTree = BUILT_PRODUCTS_DIR; };
		40AB282D5BBCEEADBAD34FCE /* Pods-StockAPI-StockAPIUITests.debug.xcconfig */ = {isa = PBXFileReference; includeInIndex = 1; lastKnownFileType = text.xcconfig; name = "Pods-StockAPI-StockAPIUITests.debug.xcconfig"; path = "Target Support Files/Pods-StockAPI-StockAPIUITests/Pods-StockAPI-StockAPIUITests.debug.xcconfig"; sourceTree = "<group>"; };
		40BD5055891E5BD9F51E1F12 /* Pods-StockAPI.debug.xcconfig */ = {isa = PBXFileReference; includeInIndex = 1; lastKnownFileType = text.xcconfig; name = "Pods-StockAPI.debug.xcconfig"; path = "Target Support Files/Pods-StockAPI/Pods-StockAPI.debug.xcconfig"; sourceTree = "<group>"; };
		77763488E7640B1793BF3FD6 /* Pods-StockAPI.release.xcconfig */ = {isa = PBXFileReference; includeInIndex = 1; lastKnownFileType = text.xcconfig; name = "Pods-StockAPI.release.xcconfig"; path = "Target Support Files/Pods-StockAPI/Pods-StockAPI.release.xcconfig"; sourceTree = "<group>"; };
		826FA0F5F6BD145E0297F11D /* Pods_StockAPI_StockAPIUITests.framework */ = {isa = PBXFileReference; explicitFileType = wrapper.framework; includeInIndex = 0; path = Pods_StockAPI_StockAPIUITests.framework; sourceTree = BUILT_PRODUCTS_DIR; };
		82CB85B7E4D400BF6E2250C4 /* Pods-StockAPITests.release.xcconfig */ = {isa = PBXFileReference; includeInIndex = 1; lastKnownFileType = text.xcconfig; name = "Pods-StockAPITests.release.xcconfig"; path = "Target Support Files/Pods-StockAPITests/Pods-StockAPITests.release.xcconfig"; sourceTree = "<group>"; };
		9715DB412516655B00262191 /* UIViewController+Extensions.swift */ = {isa = PBXFileReference; lastKnownFileType = sourcecode.swift; path = "UIViewController+Extensions.swift"; sourceTree = "<group>"; };
		9715DB462516658000262191 /* Storyboard.swift */ = {isa = PBXFileReference; lastKnownFileType = sourcecode.swift; path = Storyboard.swift; sourceTree = "<group>"; };
		9715DB502516660300262191 /* ViewControllerAssembly.swift */ = {isa = PBXFileReference; lastKnownFileType = sourcecode.swift; path = ViewControllerAssembly.swift; sourceTree = "<group>"; };
		9715DB5A2516667700262191 /* DIContainer.swift */ = {isa = PBXFileReference; lastKnownFileType = sourcecode.swift; path = DIContainer.swift; sourceTree = "<group>"; };
		9715DB6A251694F300262191 /* StockSymbol.swift */ = {isa = PBXFileReference; lastKnownFileType = sourcecode.swift; path = StockSymbol.swift; sourceTree = "<group>"; };
		9715DB6F2516980F00262191 /* Quote.swift */ = {isa = PBXFileReference; lastKnownFileType = sourcecode.swift; path = Quote.swift; sourceTree = "<group>"; };
		9715DB742516993D00262191 /* StocksApiService.swift */ = {isa = PBXFileReference; lastKnownFileType = sourcecode.swift; path = StocksApiService.swift; sourceTree = "<group>"; };
		9715DB7925169A4300262191 /* AlphaVantageEndpoint.swift */ = {isa = PBXFileReference; lastKnownFileType = sourcecode.swift; path = AlphaVantageEndpoint.swift; sourceTree = "<group>"; };
		9715DB7E25169C5700262191 /* AppConfig.swift */ = {isa = PBXFileReference; lastKnownFileType = sourcecode.swift; path = AppConfig.swift; sourceTree = "<group>"; };
		9715DB8325169DA500262191 /* ViewModelAssembly.swift */ = {isa = PBXFileReference; lastKnownFileType = sourcecode.swift; path = ViewModelAssembly.swift; sourceTree = "<group>"; };
		9715DB8825169E0B00262191 /* ServiceAssembly.swift */ = {isa = PBXFileReference; lastKnownFileType = sourcecode.swift; path = ServiceAssembly.swift; sourceTree = "<group>"; };
		9715DB8D25169FEB00262191 /* StockQuotesViewModel.swift */ = {isa = PBXFileReference; lastKnownFileType = sourcecode.swift; path = StockQuotesViewModel.swift; sourceTree = "<group>"; };
		9715DB952516A13200262191 /* StockQuotesViewController.swift */ = {isa = PBXFileReference; lastKnownFileType = sourcecode.swift; path = StockQuotesViewController.swift; sourceTree = "<group>"; };
		9715DB9A2516B01800262191 /* Debug.xcconfig */ = {isa = PBXFileReference; lastKnownFileType = text.xcconfig; path = Debug.xcconfig; sourceTree = "<group>"; };
		9715DB9B2516B06300262191 /* Release.xcconfig */ = {isa = PBXFileReference; lastKnownFileType = text.xcconfig; path = Release.xcconfig; sourceTree = "<group>"; };
		977E370A251766DF00BF38B6 /* CandleChartDataEntry+Extensions.swift */ = {isa = PBXFileReference; lastKnownFileType = sourcecode.swift; path = "CandleChartDataEntry+Extensions.swift"; sourceTree = "<group>"; };
		977E372025178DB800BF38B6 /* ChartFilterViewController.swift */ = {isa = PBXFileReference; lastKnownFileType = sourcecode.swift; path = ChartFilterViewController.swift; sourceTree = "<group>"; };
		9782BAC42517563700B59FF3 /* StocksApiError.swift */ = {isa = PBXFileReference; lastKnownFileType = sourcecode.swift; path = StocksApiError.swift; sourceTree = "<group>"; };
		97C3A47E25165B1200490DEE /* StockAPI.app */ = {isa = PBXFileReference; explicitFileType = wrapper.application; includeInIndex = 0; path = StockAPI.app; sourceTree = BUILT_PRODUCTS_DIR; };
		97C3A48125165B1200490DEE /* AppDelegate.swift */ = {isa = PBXFileReference; lastKnownFileType = sourcecode.swift; path = AppDelegate.swift; sourceTree = "<group>"; };
		97C3A48325165B1200490DEE /* SceneDelegate.swift */ = {isa = PBXFileReference; lastKnownFileType = sourcecode.swift; path = SceneDelegate.swift; sourceTree = "<group>"; };
		97C3A48825165B1200490DEE /* Base */ = {isa = PBXFileReference; lastKnownFileType = file.storyboard; name = Base; path = Base.lproj/Main.storyboard; sourceTree = "<group>"; };
		97C3A48A25165B1300490DEE /* Assets.xcassets */ = {isa = PBXFileReference; lastKnownFileType = folder.assetcatalog; path = Assets.xcassets; sourceTree = "<group>"; };
		97C3A48D25165B1300490DEE /* Base */ = {isa = PBXFileReference; lastKnownFileType = file.storyboard; name = Base; path = Base.lproj/LaunchScreen.storyboard; sourceTree = "<group>"; };
		97C3A48F25165B1300490DEE /* Info.plist */ = {isa = PBXFileReference; lastKnownFileType = text.plist.xml; path = Info.plist; sourceTree = "<group>"; };
		97C3A49425165B1300490DEE /* StockAPITests.xctest */ = {isa = PBXFileReference; explicitFileType = wrapper.cfbundle; includeInIndex = 0; path = StockAPITests.xctest; sourceTree = BUILT_PRODUCTS_DIR; };
		97C3A49825165B1300490DEE /* StockAPITests.swift */ = {isa = PBXFileReference; lastKnownFileType = sourcecode.swift; path = StockAPITests.swift; sourceTree = "<group>"; };
		97C3A49A25165B1300490DEE /* Info.plist */ = {isa = PBXFileReference; lastKnownFileType = text.plist.xml; path = Info.plist; sourceTree = "<group>"; };
		97C3A49F25165B1300490DEE /* StockAPIUITests.xctest */ = {isa = PBXFileReference; explicitFileType = wrapper.cfbundle; includeInIndex = 0; path = StockAPIUITests.xctest; sourceTree = BUILT_PRODUCTS_DIR; };
		97C3A4A325165B1300490DEE /* StockAPIUITests.swift */ = {isa = PBXFileReference; lastKnownFileType = sourcecode.swift; path = StockAPIUITests.swift; sourceTree = "<group>"; };
		97C3A4A525165B1300490DEE /* Info.plist */ = {isa = PBXFileReference; lastKnownFileType = text.plist.xml; path = Info.plist; sourceTree = "<group>"; };
		9915422DB96E89A9FDFBA44D /* Pods-StockAPITests.debug.xcconfig */ = {isa = PBXFileReference; includeInIndex = 1; lastKnownFileType = text.xcconfig; name = "Pods-StockAPITests.debug.xcconfig"; path = "Target Support Files/Pods-StockAPITests/Pods-StockAPITests.debug.xcconfig"; sourceTree = "<group>"; };
		B9054617F3FD146F147CFAEC /* Pods-StockAPI-StockAPIUITests.release.xcconfig */ = {isa = PBXFileReference; includeInIndex = 1; lastKnownFileType = text.xcconfig; name = "Pods-StockAPI-StockAPIUITests.release.xcconfig"; path = "Target Support Files/Pods-StockAPI-StockAPIUITests/Pods-StockAPI-StockAPIUITests.release.xcconfig"; sourceTree = "<group>"; };
		FD255A2C01DB9193649465F9 /* Pods_StockAPI.framework */ = {isa = PBXFileReference; explicitFileType = wrapper.framework; includeInIndex = 0; path = Pods_StockAPI.framework; sourceTree = BUILT_PRODUCTS_DIR; };
/* End PBXFileReference section */

/* Begin PBXFrameworksBuildPhase section */
		97C3A47B25165B1200490DEE /* Frameworks */ = {
			isa = PBXFrameworksBuildPhase;
			buildActionMask = 2147483647;
			files = (
				9D171D318F408EB8AEBB8F85 /* Pods_StockAPI.framework in Frameworks */,
			);
			runOnlyForDeploymentPostprocessing = 0;
		};
		97C3A49125165B1300490DEE /* Frameworks */ = {
			isa = PBXFrameworksBuildPhase;
			buildActionMask = 2147483647;
			files = (
				58BF38CCAC389BC6CEA0B1FC /* Pods_StockAPITests.framework in Frameworks */,
			);
			runOnlyForDeploymentPostprocessing = 0;
		};
		97C3A49C25165B1300490DEE /* Frameworks */ = {
			isa = PBXFrameworksBuildPhase;
			buildActionMask = 2147483647;
			files = (
				C3721B0EB671EA576BBBE37A /* Pods_StockAPI_StockAPIUITests.framework in Frameworks */,
			);
			runOnlyForDeploymentPostprocessing = 0;
		};
/* End PBXFrameworksBuildPhase section */

/* Begin PBXGroup section */
		863BD64AE0B993220060F70F /* Frameworks */ = {
			isa = PBXGroup;
			children = (
				FD255A2C01DB9193649465F9 /* Pods_StockAPI.framework */,
				826FA0F5F6BD145E0297F11D /* Pods_StockAPI_StockAPIUITests.framework */,
				2521E04F758D61BA966E2210 /* Pods_StockAPITests.framework */,
			);
			name = Frameworks;
			sourceTree = "<group>";
		};
		9715DB37251664A100262191 /* ViewModels */ = {
			isa = PBXGroup;
			children = (
				9715DB8D25169FEB00262191 /* StockQuotesViewModel.swift */,
			);
			path = ViewModels;
			sourceTree = "<group>";
		};
		9715DB38251664AB00262191 /* ViewControllers */ = {
			isa = PBXGroup;
			children = (
				977E371F25178D9C00BF38B6 /* ChartFilterViewController */,
				9715DB952516A13200262191 /* StockQuotesViewController.swift */,
			);
			path = ViewControllers;
			sourceTree = "<group>";
		};
		9715DB39251664B600262191 /* Utilities */ = {
			isa = PBXGroup;
			children = (
				9715DB412516655B00262191 /* UIViewController+Extensions.swift */,
				9715DB462516658000262191 /* Storyboard.swift */,
				9715DB7925169A4300262191 /* AlphaVantageEndpoint.swift */,
				977E370A251766DF00BF38B6 /* CandleChartDataEntry+Extensions.swift */,
			);
			path = Utilities;
			sourceTree = "<group>";
		};
		9715DB3A251664BE00262191 /* Services */ = {
			isa = PBXGroup;
			children = (
				9715DB742516993D00262191 /* StocksApiService.swift */,
			);
			path = Services;
			sourceTree = "<group>";
		};
		9715DB3B251664C800262191 /* Models */ = {
			isa = PBXGroup;
			children = (
				9782BAC42517563700B59FF3 /* StocksApiError.swift */,
				9715DB6A251694F300262191 /* StockSymbol.swift */,
				9715DB6F2516980F00262191 /* Quote.swift */,
			);
			path = Models;
			sourceTree = "<group>";
		};
		9715DB3C251664D300262191 /* Config */ = {
			isa = PBXGroup;
			children = (
				9715DB7E25169C5700262191 /* AppConfig.swift */,
				9715DB9A2516B01800262191 /* Debug.xcconfig */,
				9715DB9B2516B06300262191 /* Release.xcconfig */,
			);
			path = Config;
			sourceTree = "<group>";
		};
		9715DB3D251664D300262191 /* DI */ = {
			isa = PBXGroup;
			children = (
				9715DB5A2516667700262191 /* DIContainer.swift */,
				9715DB502516660300262191 /* ViewControllerAssembly.swift */,
				9715DB8325169DA500262191 /* ViewModelAssembly.swift */,
				9715DB8825169E0B00262191 /* ServiceAssembly.swift */,
			);
			path = DI;
			sourceTree = "<group>";
		};
		977E371F25178D9C00BF38B6 /* ChartFilterViewController */ = {
			isa = PBXGroup;
			children = (
				977E372025178DB800BF38B6 /* ChartFilterViewController.swift */,
			);
			path = ChartFilterViewController;
			sourceTree = "<group>";
		};
		97C3A47525165B1200490DEE = {
			isa = PBXGroup;
			children = (
				97C3A48025165B1200490DEE /* StockAPI */,
				97C3A49725165B1300490DEE /* StockAPITests */,
				97C3A4A225165B1300490DEE /* StockAPIUITests */,
				97C3A47F25165B1200490DEE /* Products */,
				F3D9EC1652E1054BD75E32A2 /* Pods */,
				863BD64AE0B993220060F70F /* Frameworks */,
			);
			sourceTree = "<group>";
		};
		97C3A47F25165B1200490DEE /* Products */ = {
			isa = PBXGroup;
			children = (
				97C3A47E25165B1200490DEE /* StockAPI.app */,
				97C3A49425165B1300490DEE /* StockAPITests.xctest */,
				97C3A49F25165B1300490DEE /* StockAPIUITests.xctest */,
			);
			name = Products;
			sourceTree = "<group>";
		};
		97C3A48025165B1200490DEE /* StockAPI */ = {
			isa = PBXGroup;
			children = (
				9715DB3C251664D300262191 /* Config */,
				9715DB3D251664D300262191 /* DI */,
				9715DB39251664B600262191 /* Utilities */,
				9715DB3A251664BE00262191 /* Services */,
				9715DB3B251664C800262191 /* Models */,
				9715DB37251664A100262191 /* ViewModels */,
				9715DB38251664AB00262191 /* ViewControllers */,
				97C3A48125165B1200490DEE /* AppDelegate.swift */,
				97C3A48325165B1200490DEE /* SceneDelegate.swift */,
				97C3A48725165B1200490DEE /* Main.storyboard */,
				97C3A48A25165B1300490DEE /* Assets.xcassets */,
				97C3A48C25165B1300490DEE /* LaunchScreen.storyboard */,
				97C3A48F25165B1300490DEE /* Info.plist */,
			);
			path = StockAPI;
			sourceTree = "<group>";
		};
		97C3A49725165B1300490DEE /* StockAPITests */ = {
			isa = PBXGroup;
			children = (
				97C3A49825165B1300490DEE /* StockAPITests.swift */,
				97C3A49A25165B1300490DEE /* Info.plist */,
			);
			path = StockAPITests;
			sourceTree = "<group>";
		};
		97C3A4A225165B1300490DEE /* StockAPIUITests */ = {
			isa = PBXGroup;
			children = (
				97C3A4A325165B1300490DEE /* StockAPIUITests.swift */,
				97C3A4A525165B1300490DEE /* Info.plist */,
			);
			path = StockAPIUITests;
			sourceTree = "<group>";
		};
		F3D9EC1652E1054BD75E32A2 /* Pods */ = {
			isa = PBXGroup;
			children = (
				40BD5055891E5BD9F51E1F12 /* Pods-StockAPI.debug.xcconfig */,
				77763488E7640B1793BF3FD6 /* Pods-StockAPI.release.xcconfig */,
				40AB282D5BBCEEADBAD34FCE /* Pods-StockAPI-StockAPIUITests.debug.xcconfig */,
				B9054617F3FD146F147CFAEC /* Pods-StockAPI-StockAPIUITests.release.xcconfig */,
				9915422DB96E89A9FDFBA44D /* Pods-StockAPITests.debug.xcconfig */,
				82CB85B7E4D400BF6E2250C4 /* Pods-StockAPITests.release.xcconfig */,
			);
			path = Pods;
			sourceTree = "<group>";
		};
/* End PBXGroup section */

/* Begin PBXNativeTarget section */
		97C3A47D25165B1200490DEE /* StockAPI */ = {
			isa = PBXNativeTarget;
			buildConfigurationList = 97C3A4A825165B1300490DEE /* Build configuration list for PBXNativeTarget "StockAPI" */;
			buildPhases = (
				55BD33E31DC91819BDEC4D24 /* [CP] Check Pods Manifest.lock */,
				97C3A47A25165B1200490DEE /* Sources */,
				97C3A47B25165B1200490DEE /* Frameworks */,
				97C3A47C25165B1200490DEE /* Resources */,
				A1BA93AC39EA0DE40A519C29 /* [CP] Embed Pods Frameworks */,
				9715DB0625165F6D00262191 /* ShellScript */,
			);
			buildRules = (
			);
			dependencies = (
			);
			name = StockAPI;
			productName = StockAPI;
			productReference = 97C3A47E25165B1200490DEE /* StockAPI.app */;
			productType = "com.apple.product-type.application";
		};
		97C3A49325165B1300490DEE /* StockAPITests */ = {
			isa = PBXNativeTarget;
			buildConfigurationList = 97C3A4AB25165B1300490DEE /* Build configuration list for PBXNativeTarget "StockAPITests" */;
			buildPhases = (
				1E7DF184EB839916BEAF4DF5 /* [CP] Check Pods Manifest.lock */,
				97C3A49025165B1300490DEE /* Sources */,
				97C3A49125165B1300490DEE /* Frameworks */,
				97C3A49225165B1300490DEE /* Resources */,
			);
			buildRules = (
			);
			dependencies = (
				97C3A49625165B1300490DEE /* PBXTargetDependency */,
			);
			name = StockAPITests;
			productName = StockAPITests;
			productReference = 97C3A49425165B1300490DEE /* StockAPITests.xctest */;
			productType = "com.apple.product-type.bundle.unit-test";
		};
		97C3A49E25165B1300490DEE /* StockAPIUITests */ = {
			isa = PBXNativeTarget;
			buildConfigurationList = 97C3A4AE25165B1300490DEE /* Build configuration list for PBXNativeTarget "StockAPIUITests" */;
			buildPhases = (
				80617C48E34A7DD3B3E41D9F /* [CP] Check Pods Manifest.lock */,
				97C3A49B25165B1300490DEE /* Sources */,
				97C3A49C25165B1300490DEE /* Frameworks */,
				97C3A49D25165B1300490DEE /* Resources */,
				D97EEB15B423539D852E0C70 /* [CP] Embed Pods Frameworks */,
			);
			buildRules = (
			);
			dependencies = (
				97C3A4A125165B1300490DEE /* PBXTargetDependency */,
			);
			name = StockAPIUITests;
			productName = StockAPIUITests;
			productReference = 97C3A49F25165B1300490DEE /* StockAPIUITests.xctest */;
			productType = "com.apple.product-type.bundle.ui-testing";
		};
/* End PBXNativeTarget section */

/* Begin PBXProject section */
		97C3A47625165B1200490DEE /* Project object */ = {
			isa = PBXProject;
			attributes = {
				LastSwiftUpdateCheck = 1200;
				LastUpgradeCheck = 1200;
				TargetAttributes = {
					97C3A47D25165B1200490DEE = {
						CreatedOnToolsVersion = 12.0;
					};
					97C3A49325165B1300490DEE = {
						CreatedOnToolsVersion = 12.0;
						TestTargetID = 97C3A47D25165B1200490DEE;
					};
					97C3A49E25165B1300490DEE = {
						CreatedOnToolsVersion = 12.0;
						TestTargetID = 97C3A47D25165B1200490DEE;
					};
				};
			};
			buildConfigurationList = 97C3A47925165B1200490DEE /* Build configuration list for PBXProject "StockAPI" */;
			compatibilityVersion = "Xcode 9.3";
			developmentRegion = en;
			hasScannedForEncodings = 0;
			knownRegions = (
				en,
				Base,
			);
			mainGroup = 97C3A47525165B1200490DEE;
			productRefGroup = 97C3A47F25165B1200490DEE /* Products */;
			projectDirPath = "";
			projectRoot = "";
			targets = (
				97C3A47D25165B1200490DEE /* StockAPI */,
				97C3A49325165B1300490DEE /* StockAPITests */,
				97C3A49E25165B1300490DEE /* StockAPIUITests */,
			);
		};
/* End PBXProject section */

/* Begin PBXResourcesBuildPhase section */
		97C3A47C25165B1200490DEE /* Resources */ = {
			isa = PBXResourcesBuildPhase;
			buildActionMask = 2147483647;
			files = (
				97C3A48E25165B1300490DEE /* LaunchScreen.storyboard in Resources */,
				97C3A48B25165B1300490DEE /* Assets.xcassets in Resources */,
				97C3A48925165B1200490DEE /* Main.storyboard in Resources */,
			);
			runOnlyForDeploymentPostprocessing = 0;
		};
		97C3A49225165B1300490DEE /* Resources */ = {
			isa = PBXResourcesBuildPhase;
			buildActionMask = 2147483647;
			files = (
			);
			runOnlyForDeploymentPostprocessing = 0;
		};
		97C3A49D25165B1300490DEE /* Resources */ = {
			isa = PBXResourcesBuildPhase;
			buildActionMask = 2147483647;
			files = (
			);
			runOnlyForDeploymentPostprocessing = 0;
		};
/* End PBXResourcesBuildPhase section */

/* Begin PBXShellScriptBuildPhase section */
		1E7DF184EB839916BEAF4DF5 /* [CP] Check Pods Manifest.lock */ = {
			isa = PBXShellScriptBuildPhase;
			buildActionMask = 2147483647;
			files = (
			);
			inputFileListPaths = (
			);
			inputPaths = (
				"${PODS_PODFILE_DIR_PATH}/Podfile.lock",
				"${PODS_ROOT}/Manifest.lock",
			);
			name = "[CP] Check Pods Manifest.lock";
			outputFileListPaths = (
			);
			outputPaths = (
				"$(DERIVED_FILE_DIR)/Pods-StockAPITests-checkManifestLockResult.txt",
			);
			runOnlyForDeploymentPostprocessing = 0;
			shellPath = /bin/sh;
			shellScript = "diff \"${PODS_PODFILE_DIR_PATH}/Podfile.lock\" \"${PODS_ROOT}/Manifest.lock\" > /dev/null\nif [ $? != 0 ] ; then\n    # print error to STDERR\n    echo \"error: The sandbox is not in sync with the Podfile.lock. Run 'pod install' or update your CocoaPods installation.\" >&2\n    exit 1\nfi\n# This output is used by Xcode 'outputs' to avoid re-running this script phase.\necho \"SUCCESS\" > \"${SCRIPT_OUTPUT_FILE_0}\"\n";
			showEnvVarsInLog = 0;
		};
		55BD33E31DC91819BDEC4D24 /* [CP] Check Pods Manifest.lock */ = {
			isa = PBXShellScriptBuildPhase;
			buildActionMask = 2147483647;
			files = (
			);
			inputFileListPaths = (
			);
			inputPaths = (
				"${PODS_PODFILE_DIR_PATH}/Podfile.lock",
				"${PODS_ROOT}/Manifest.lock",
			);
			name = "[CP] Check Pods Manifest.lock";
			outputFileListPaths = (
			);
			outputPaths = (
				"$(DERIVED_FILE_DIR)/Pods-StockAPI-checkManifestLockResult.txt",
			);
			runOnlyForDeploymentPostprocessing = 0;
			shellPath = /bin/sh;
			shellScript = "diff \"${PODS_PODFILE_DIR_PATH}/Podfile.lock\" \"${PODS_ROOT}/Manifest.lock\" > /dev/null\nif [ $? != 0 ] ; then\n    # print error to STDERR\n    echo \"error: The sandbox is not in sync with the Podfile.lock. Run 'pod install' or update your CocoaPods installation.\" >&2\n    exit 1\nfi\n# This output is used by Xcode 'outputs' to avoid re-running this script phase.\necho \"SUCCESS\" > \"${SCRIPT_OUTPUT_FILE_0}\"\n";
			showEnvVarsInLog = 0;
		};
		80617C48E34A7DD3B3E41D9F /* [CP] Check Pods Manifest.lock */ = {
			isa = PBXShellScriptBuildPhase;
			buildActionMask = 2147483647;
			files = (
			);
			inputFileListPaths = (
			);
			inputPaths = (
				"${PODS_PODFILE_DIR_PATH}/Podfile.lock",
				"${PODS_ROOT}/Manifest.lock",
			);
			name = "[CP] Check Pods Manifest.lock";
			outputFileListPaths = (
			);
			outputPaths = (
				"$(DERIVED_FILE_DIR)/Pods-StockAPI-StockAPIUITests-checkManifestLockResult.txt",
			);
			runOnlyForDeploymentPostprocessing = 0;
			shellPath = /bin/sh;
			shellScript = "diff \"${PODS_PODFILE_DIR_PATH}/Podfile.lock\" \"${PODS_ROOT}/Manifest.lock\" > /dev/null\nif [ $? != 0 ] ; then\n    # print error to STDERR\n    echo \"error: The sandbox is not in sync with the Podfile.lock. Run 'pod install' or update your CocoaPods installation.\" >&2\n    exit 1\nfi\n# This output is used by Xcode 'outputs' to avoid re-running this script phase.\necho \"SUCCESS\" > \"${SCRIPT_OUTPUT_FILE_0}\"\n";
			showEnvVarsInLog = 0;
		};
		9715DB0625165F6D00262191 /* ShellScript */ = {
			isa = PBXShellScriptBuildPhase;
			buildActionMask = 2147483647;
			files = (
			);
			inputFileListPaths = (
			);
			inputPaths = (
			);
			outputFileListPaths = (
			);
			outputPaths = (
			);
			runOnlyForDeploymentPostprocessing = 0;
			shellPath = /bin/sh;
			shellScript = "\"${PODS_ROOT}/SwiftLint/swiftlint\"\n";
		};
		A1BA93AC39EA0DE40A519C29 /* [CP] Embed Pods Frameworks */ = {
			isa = PBXShellScriptBuildPhase;
			buildActionMask = 2147483647;
			files = (
			);
			inputFileListPaths = (
				"${PODS_ROOT}/Target Support Files/Pods-StockAPI/Pods-StockAPI-frameworks-${CONFIGURATION}-input-files.xcfilelist",
			);
			name = "[CP] Embed Pods Frameworks";
			outputFileListPaths = (
				"${PODS_ROOT}/Target Support Files/Pods-StockAPI/Pods-StockAPI-frameworks-${CONFIGURATION}-output-files.xcfilelist",
			);
			runOnlyForDeploymentPostprocessing = 0;
			shellPath = /bin/sh;
			shellScript = "\"${PODS_ROOT}/Target Support Files/Pods-StockAPI/Pods-StockAPI-frameworks.sh\"\n";
			showEnvVarsInLog = 0;
		};
		D97EEB15B423539D852E0C70 /* [CP] Embed Pods Frameworks */ = {
			isa = PBXShellScriptBuildPhase;
			buildActionMask = 2147483647;
			files = (
			);
			inputFileListPaths = (
				"${PODS_ROOT}/Target Support Files/Pods-StockAPI-StockAPIUITests/Pods-StockAPI-StockAPIUITests-frameworks-${CONFIGURATION}-input-files.xcfilelist",
			);
			name = "[CP] Embed Pods Frameworks";
			outputFileListPaths = (
				"${PODS_ROOT}/Target Support Files/Pods-StockAPI-StockAPIUITests/Pods-StockAPI-StockAPIUITests-frameworks-${CONFIGURATION}-output-files.xcfilelist",
			);
			runOnlyForDeploymentPostprocessing = 0;
			shellPath = /bin/sh;
			shellScript = "\"${PODS_ROOT}/Target Support Files/Pods-StockAPI-StockAPIUITests/Pods-StockAPI-StockAPIUITests-frameworks.sh\"\n";
			showEnvVarsInLog = 0;
		};
/* End PBXShellScriptBuildPhase section */

/* Begin PBXSourcesBuildPhase section */
		97C3A47A25165B1200490DEE /* Sources */ = {
			isa = PBXSourcesBuildPhase;
			buildActionMask = 2147483647;
			files = (
				9715DB472516658000262191 /* Storyboard.swift in Sources */,
				97C3A48225165B1200490DEE /* AppDelegate.swift in Sources */,
				977E370B251766DF00BF38B6 /* CandleChartDataEntry+Extensions.swift in Sources */,
				9715DB8425169DA500262191 /* ViewModelAssembly.swift in Sources */,
				9715DB8925169E0B00262191 /* ServiceAssembly.swift in Sources */,
				9715DB702516980F00262191 /* Quote.swift in Sources */,
				9715DB512516660300262191 /* ViewControllerAssembly.swift in Sources */,
				9715DB8E25169FEB00262191 /* StockQuotesViewModel.swift in Sources */,
				9715DB7A25169A4300262191 /* AlphaVantageEndpoint.swift in Sources */,
				9715DB5B2516667700262191 /* DIContainer.swift in Sources */,
				9715DB422516655B00262191 /* UIViewController+Extensions.swift in Sources */,
				9782BAC52517563700B59FF3 /* StocksApiError.swift in Sources */,
				9715DB6B251694F300262191 /* StockSymbol.swift in Sources */,
				9715DB962516A13200262191 /* StockQuotesViewController.swift in Sources */,
				9715DB7F25169C5700262191 /* AppConfig.swift in Sources */,
				97C3A48425165B1200490DEE /* SceneDelegate.swift in Sources */,
				9715DB752516993D00262191 /* StocksApiService.swift in Sources */,
				977E372125178DB800BF38B6 /* ChartFilterViewController.swift in Sources */,
			);
			runOnlyForDeploymentPostprocessing = 0;
		};
		97C3A49025165B1300490DEE /* Sources */ = {
			isa = PBXSourcesBuildPhase;
			buildActionMask = 2147483647;
			files = (
				97C3A49925165B1300490DEE /* StockAPITests.swift in Sources */,
			);
			runOnlyForDeploymentPostprocessing = 0;
		};
		97C3A49B25165B1300490DEE /* Sources */ = {
			isa = PBXSourcesBuildPhase;
			buildActionMask = 2147483647;
			files = (
				97C3A4A425165B1300490DEE /* StockAPIUITests.swift in Sources */,
			);
			runOnlyForDeploymentPostprocessing = 0;
		};
/* End PBXSourcesBuildPhase section */

/* Begin PBXTargetDependency section */
		97C3A49625165B1300490DEE /* PBXTargetDependency */ = {
			isa = PBXTargetDependency;
			target = 97C3A47D25165B1200490DEE /* StockAPI */;
			targetProxy = 97C3A49525165B1300490DEE /* PBXContainerItemProxy */;
		};
		97C3A4A125165B1300490DEE /* PBXTargetDependency */ = {
			isa = PBXTargetDependency;
			target = 97C3A47D25165B1200490DEE /* StockAPI */;
			targetProxy = 97C3A4A025165B1300490DEE /* PBXContainerItemProxy */;
		};
/* End PBXTargetDependency section */

/* Begin PBXVariantGroup section */
		97C3A48725165B1200490DEE /* Main.storyboard */ = {
			isa = PBXVariantGroup;
			children = (
				97C3A48825165B1200490DEE /* Base */,
			);
			name = Main.storyboard;
			sourceTree = "<group>";
		};
		97C3A48C25165B1300490DEE /* LaunchScreen.storyboard */ = {
			isa = PBXVariantGroup;
			children = (
				97C3A48D25165B1300490DEE /* Base */,
			);
			name = LaunchScreen.storyboard;
			sourceTree = "<group>";
		};
/* End PBXVariantGroup section */

/* Begin XCBuildConfiguration section */
		97C3A4A625165B1300490DEE /* Debug */ = {
			isa = XCBuildConfiguration;
			buildSettings = {
				ALWAYS_SEARCH_USER_PATHS = NO;
				CLANG_ANALYZER_NONNULL = YES;
				CLANG_ANALYZER_NUMBER_OBJECT_CONVERSION = YES_AGGRESSIVE;
				CLANG_CXX_LANGUAGE_STANDARD = "gnu++14";
				CLANG_CXX_LIBRARY = "libc++";
				CLANG_ENABLE_MODULES = YES;
				CLANG_ENABLE_OBJC_ARC = YES;
				CLANG_ENABLE_OBJC_WEAK = YES;
				CLANG_WARN_BLOCK_CAPTURE_AUTORELEASING = YES;
				CLANG_WARN_BOOL_CONVERSION = YES;
				CLANG_WARN_COMMA = YES;
				CLANG_WARN_CONSTANT_CONVERSION = YES;
				CLANG_WARN_DEPRECATED_OBJC_IMPLEMENTATIONS = YES;
				CLANG_WARN_DIRECT_OBJC_ISA_USAGE = YES_ERROR;
				CLANG_WARN_DOCUMENTATION_COMMENTS = YES;
				CLANG_WARN_EMPTY_BODY = YES;
				CLANG_WARN_ENUM_CONVERSION = YES;
				CLANG_WARN_INFINITE_RECURSION = YES;
				CLANG_WARN_INT_CONVERSION = YES;
				CLANG_WARN_NON_LITERAL_NULL_CONVERSION = YES;
				CLANG_WARN_OBJC_IMPLICIT_RETAIN_SELF = YES;
				CLANG_WARN_OBJC_LITERAL_CONVERSION = YES;
				CLANG_WARN_OBJC_ROOT_CLASS = YES_ERROR;
				CLANG_WARN_QUOTED_INCLUDE_IN_FRAMEWORK_HEADER = YES;
				CLANG_WARN_RANGE_LOOP_ANALYSIS = YES;
				CLANG_WARN_STRICT_PROTOTYPES = YES;
				CLANG_WARN_SUSPICIOUS_MOVE = YES;
				CLANG_WARN_UNGUARDED_AVAILABILITY = YES_AGGRESSIVE;
				CLANG_WARN_UNREACHABLE_CODE = YES;
				CLANG_WARN__DUPLICATE_METHOD_MATCH = YES;
				COPY_PHASE_STRIP = NO;
				DEBUG_INFORMATION_FORMAT = dwarf;
				ENABLE_STRICT_OBJC_MSGSEND = YES;
				ENABLE_TESTABILITY = YES;
				GCC_C_LANGUAGE_STANDARD = gnu11;
				GCC_DYNAMIC_NO_PIC = NO;
				GCC_NO_COMMON_BLOCKS = YES;
				GCC_OPTIMIZATION_LEVEL = 0;
				GCC_PREPROCESSOR_DEFINITIONS = (
					"DEBUG=1",
					"$(inherited)",
				);
				GCC_WARN_64_TO_32_BIT_CONVERSION = YES;
				GCC_WARN_ABOUT_RETURN_TYPE = YES_ERROR;
				GCC_WARN_UNDECLARED_SELECTOR = YES;
				GCC_WARN_UNINITIALIZED_AUTOS = YES_AGGRESSIVE;
				GCC_WARN_UNUSED_FUNCTION = YES;
				GCC_WARN_UNUSED_VARIABLE = YES;
				IPHONEOS_DEPLOYMENT_TARGET = 13.1;
				MTL_ENABLE_DEBUG_INFO = INCLUDE_SOURCE;
				MTL_FAST_MATH = YES;
				ONLY_ACTIVE_ARCH = YES;
				SDKROOT = iphoneos;
				SWIFT_ACTIVE_COMPILATION_CONDITIONS = DEBUG;
				SWIFT_OPTIMIZATION_LEVEL = "-Onone";
			};
			name = Debug;
		};
		97C3A4A725165B1300490DEE /* Release */ = {
			isa = XCBuildConfiguration;
			buildSettings = {
				ALWAYS_SEARCH_USER_PATHS = NO;
				CLANG_ANALYZER_NONNULL = YES;
				CLANG_ANALYZER_NUMBER_OBJECT_CONVERSION = YES_AGGRESSIVE;
				CLANG_CXX_LANGUAGE_STANDARD = "gnu++14";
				CLANG_CXX_LIBRARY = "libc++";
				CLANG_ENABLE_MODULES = YES;
				CLANG_ENABLE_OBJC_ARC = YES;
				CLANG_ENABLE_OBJC_WEAK = YES;
				CLANG_WARN_BLOCK_CAPTURE_AUTORELEASING = YES;
				CLANG_WARN_BOOL_CONVERSION = YES;
				CLANG_WARN_COMMA = YES;
				CLANG_WARN_CONSTANT_CONVERSION = YES;
				CLANG_WARN_DEPRECATED_OBJC_IMPLEMENTATIONS = YES;
				CLANG_WARN_DIRECT_OBJC_ISA_USAGE = YES_ERROR;
				CLANG_WARN_DOCUMENTATION_COMMENTS = YES;
				CLANG_WARN_EMPTY_BODY = YES;
				CLANG_WARN_ENUM_CONVERSION = YES;
				CLANG_WARN_INFINITE_RECURSION = YES;
				CLANG_WARN_INT_CONVERSION = YES;
				CLANG_WARN_NON_LITERAL_NULL_CONVERSION = YES;
				CLANG_WARN_OBJC_IMPLICIT_RETAIN_SELF = YES;
				CLANG_WARN_OBJC_LITERAL_CONVERSION = YES;
				CLANG_WARN_OBJC_ROOT_CLASS = YES_ERROR;
				CLANG_WARN_QUOTED_INCLUDE_IN_FRAMEWORK_HEADER = YES;
				CLANG_WARN_RANGE_LOOP_ANALYSIS = YES;
				CLANG_WARN_STRICT_PROTOTYPES = YES;
				CLANG_WARN_SUSPICIOUS_MOVE = YES;
				CLANG_WARN_UNGUARDED_AVAILABILITY = YES_AGGRESSIVE;
				CLANG_WARN_UNREACHABLE_CODE = YES;
				CLANG_WARN__DUPLICATE_METHOD_MATCH = YES;
				COPY_PHASE_STRIP = NO;
				DEBUG_INFORMATION_FORMAT = "dwarf-with-dsym";
				ENABLE_NS_ASSERTIONS = NO;
				ENABLE_STRICT_OBJC_MSGSEND = YES;
				GCC_C_LANGUAGE_STANDARD = gnu11;
				GCC_NO_COMMON_BLOCKS = YES;
				GCC_WARN_64_TO_32_BIT_CONVERSION = YES;
				GCC_WARN_ABOUT_RETURN_TYPE = YES_ERROR;
				GCC_WARN_UNDECLARED_SELECTOR = YES;
				GCC_WARN_UNINITIALIZED_AUTOS = YES_AGGRESSIVE;
				GCC_WARN_UNUSED_FUNCTION = YES;
				GCC_WARN_UNUSED_VARIABLE = YES;
				IPHONEOS_DEPLOYMENT_TARGET = 13.1;
				MTL_ENABLE_DEBUG_INFO = NO;
				MTL_FAST_MATH = YES;
				SDKROOT = iphoneos;
				SWIFT_COMPILATION_MODE = wholemodule;
				SWIFT_OPTIMIZATION_LEVEL = "-O";
				VALIDATE_PRODUCT = YES;
			};
			name = Release;
		};
		97C3A4A925165B1300490DEE /* Debug */ = {
			isa = XCBuildConfiguration;
			baseConfigurationReference = 9715DB9A2516B01800262191 /* Debug.xcconfig */;
			buildSettings = {
				ASSETCATALOG_COMPILER_APPICON_NAME = AppIcon;
				ASSETCATALOG_COMPILER_GLOBAL_ACCENT_COLOR_NAME = AccentColor;
				CODE_SIGN_STYLE = Automatic;
				INFOPLIST_FILE = StockAPI/Info.plist;
				LD_RUNPATH_SEARCH_PATHS = (
					"$(inherited)",
					"@executable_path/Frameworks",
				);
				PRODUCT_BUNDLE_IDENTIFIER = com.georgiivanov.StockAPI;
				PRODUCT_NAME = "$(TARGET_NAME)";
				SWIFT_VERSION = 5.0;
				TARGETED_DEVICE_FAMILY = "1,2";
			};
			name = Debug;
		};
		97C3A4AA25165B1300490DEE /* Release */ = {
			isa = XCBuildConfiguration;
			baseConfigurationReference = 9715DB9B2516B06300262191 /* Release.xcconfig */;
			buildSettings = {
				ASSETCATALOG_COMPILER_APPICON_NAME = AppIcon;
				ASSETCATALOG_COMPILER_GLOBAL_ACCENT_COLOR_NAME = AccentColor;
				CODE_SIGN_STYLE = Automatic;
				INFOPLIST_FILE = StockAPI/Info.plist;
				LD_RUNPATH_SEARCH_PATHS = (
					"$(inherited)",
					"@executable_path/Frameworks",
				);
				PRODUCT_BUNDLE_IDENTIFIER = com.georgiivanov.StockAPI;
				PRODUCT_NAME = "$(TARGET_NAME)";
				SWIFT_VERSION = 5.0;
				TARGETED_DEVICE_FAMILY = "1,2";
			};
			name = Release;
		};
		97C3A4AC25165B1300490DEE /* Debug */ = {
			isa = XCBuildConfiguration;
			baseConfigurationReference = 9715DB9A2516B01800262191 /* Debug.xcconfig */;
			buildSettings = {
				ALWAYS_EMBED_SWIFT_STANDARD_LIBRARIES = YES;
				BUNDLE_LOADER = "$(TEST_HOST)";
				CODE_SIGN_STYLE = Automatic;
				INFOPLIST_FILE = StockAPITests/Info.plist;
				IPHONEOS_DEPLOYMENT_TARGET = 14.0;
				LD_RUNPATH_SEARCH_PATHS = (
					"$(inherited)",
					"@executable_path/Frameworks",
					"@loader_path/Frameworks",
				);
				PRODUCT_BUNDLE_IDENTIFIER = com.georgiivanov.StockAPITests;
				PRODUCT_NAME = "$(TARGET_NAME)";
				SWIFT_VERSION = 5.0;
				TARGETED_DEVICE_FAMILY = "1,2";
				TEST_HOST = "$(BUILT_PRODUCTS_DIR)/StockAPI.app/StockAPI";
			};
			name = Debug;
		};
		97C3A4AD25165B1300490DEE /* Release */ = {
			isa = XCBuildConfiguration;
			baseConfigurationReference = 9715DB9B2516B06300262191 /* Release.xcconfig */;
			buildSettings = {
				ALWAYS_EMBED_SWIFT_STANDARD_LIBRARIES = YES;
				BUNDLE_LOADER = "$(TEST_HOST)";
				CODE_SIGN_STYLE = Automatic;
				INFOPLIST_FILE = StockAPITests/Info.plist;
				IPHONEOS_DEPLOYMENT_TARGET = 14.0;
				LD_RUNPATH_SEARCH_PATHS = (
					"$(inherited)",
					"@executable_path/Frameworks",
					"@loader_path/Frameworks",
				);
				PRODUCT_BUNDLE_IDENTIFIER = com.georgiivanov.StockAPITests;
				PRODUCT_NAME = "$(TARGET_NAME)";
				SWIFT_VERSION = 5.0;
				TARGETED_DEVICE_FAMILY = "1,2";
				TEST_HOST = "$(BUILT_PRODUCTS_DIR)/StockAPI.app/StockAPI";
			};
			name = Release;
		};
		97C3A4AF25165B1300490DEE /* Debug */ = {
			isa = XCBuildConfiguration;
			baseConfigurationReference = 9715DB9A2516B01800262191 /* Debug.xcconfig */;
			buildSettings = {
				ALWAYS_EMBED_SWIFT_STANDARD_LIBRARIES = YES;
				CODE_SIGN_STYLE = Automatic;
				INFOPLIST_FILE = StockAPIUITests/Info.plist;
				LD_RUNPATH_SEARCH_PATHS = (
					"$(inherited)",
					"@executable_path/Frameworks",
					"@loader_path/Frameworks",
				);
				PRODUCT_BUNDLE_IDENTIFIER = com.georgiivanov.StockAPIUITests;
				PRODUCT_NAME = "$(TARGET_NAME)";
				SWIFT_VERSION = 5.0;
				TARGETED_DEVICE_FAMILY = "1,2";
				TEST_TARGET_NAME = StockAPI;
			};
			name = Debug;
		};
		97C3A4B025165B1300490DEE /* Release */ = {
			isa = XCBuildConfiguration;
			baseConfigurationReference = 9715DB9B2516B06300262191 /* Release.xcconfig */;
			buildSettings = {
				ALWAYS_EMBED_SWIFT_STANDARD_LIBRARIES = YES;
				CODE_SIGN_STYLE = Automatic;
				INFOPLIST_FILE = StockAPIUITests/Info.plist;
				LD_RUNPATH_SEARCH_PATHS = (
					"$(inherited)",
					"@executable_path/Frameworks",
					"@loader_path/Frameworks",
				);
				PRODUCT_BUNDLE_IDENTIFIER = com.georgiivanov.StockAPIUITests;
				PRODUCT_NAME = "$(TARGET_NAME)";
				SWIFT_VERSION = 5.0;
				TARGETED_DEVICE_FAMILY = "1,2";
				TEST_TARGET_NAME = StockAPI;
			};
			name = Release;
		};
/* End XCBuildConfiguration section */

/* Begin XCConfigurationList section */
		97C3A47925165B1200490DEE /* Build configuration list for PBXProject "StockAPI" */ = {
			isa = XCConfigurationList;
			buildConfigurations = (
				97C3A4A625165B1300490DEE /* Debug */,
				97C3A4A725165B1300490DEE /* Release */,
			);
			defaultConfigurationIsVisible = 0;
			defaultConfigurationName = Release;
		};
		97C3A4A825165B1300490DEE /* Build configuration list for PBXNativeTarget "StockAPI" */ = {
			isa = XCConfigurationList;
			buildConfigurations = (
				97C3A4A925165B1300490DEE /* Debug */,
				97C3A4AA25165B1300490DEE /* Release */,
			);
			defaultConfigurationIsVisible = 0;
			defaultConfigurationName = Release;
		};
		97C3A4AB25165B1300490DEE /* Build configuration list for PBXNativeTarget "StockAPITests" */ = {
			isa = XCConfigurationList;
			buildConfigurations = (
				97C3A4AC25165B1300490DEE /* Debug */,
				97C3A4AD25165B1300490DEE /* Release */,
			);
			defaultConfigurationIsVisible = 0;
			defaultConfigurationName = Release;
		};
		97C3A4AE25165B1300490DEE /* Build configuration list for PBXNativeTarget "StockAPIUITests" */ = {
			isa = XCConfigurationList;
			buildConfigurations = (
				97C3A4AF25165B1300490DEE /* Debug */,
				97C3A4B025165B1300490DEE /* Release */,
			);
			defaultConfigurationIsVisible = 0;
			defaultConfigurationName = Release;
		};
/* End XCConfigurationList section */
	};
	rootObject = 97C3A47625165B1200490DEE /* Project object */;
}
